# This file was autogenerated by Stack.
# You should not edit this file by hand.
# For more information, please see the documentation at:
#   https://docs.haskellstack.org/en/stable/lock_files

packages: []
snapshots:
- completed:
    size: 610848
    url: https://raw.githubusercontent.com/commercialhaskell/stackage-snapshots/master/nightly/2022/3/9.yaml
    sha256: d24718f2b7d7af47d1f10899f53331e2456beea22996628ff864a0a259f53fe3
  original: nightly-2022-03-09
